
Microsoft Visual Studio Solution File, Format Version 12.00
# Visual Studio 15
VisualStudioVersion = 15.0.28010.2036
MinimumVisualStudioVersion = 10.0.40219.1
Project("{FAE04EC0-301F-11D3-BF4B-00C04F79EFBC}") = "PSK.Api", "PSK.Api\PSK.Api.csproj", "{DD2E20D3-494F-4700-9260-4C3CC06D91D2}"
EndProject
Project("{2150E333-8FDC-42A3-9474-1A3956D46DE8}") = "2. DAL", "2. DAL", "{915C9056-4628-4A8B-8F8C-463C3B228348}"
EndProject
Project("{FAE04EC0-301F-11D3-BF4B-00C04F79EFBC}") = "PSK.DAL.Implementation", "PSK.DAL.Implementation\PSK.DAL.Implementation.csproj", "{353158A8-1452-41D6-929C-D9AA9B7529B8}"
EndProject
Project("{FAE04EC0-301F-11D3-BF4B-00C04F79EFBC}") = "PSK.DAL.Contracts", "PSK.DAL.Contracts\PSK.DAL.Contracts.csproj", "{DDD18B33-3F6B-4316-A0DE-31E4717DA2D5}"
EndProject
Project("{2150E333-8FDC-42A3-9474-1A3956D46DE8}") = "3. Business", "3. Business", "{4AD59A9D-D766-41B7-8D1E-4061215680C8}"
EndProject
Project("{FAE04EC0-301F-11D3-BF4B-00C04F79EFBC}") = "PSK.Business.Implementation", "PSK.Business.Implementation\PSK.Business.Implementation.csproj", "{98EED184-7A68-4A3B-B573-692284F5083B}"
EndProject
Project("{FAE04EC0-301F-11D3-BF4B-00C04F79EFBC}") = "PSK.Business.Contracts", "PSK.Business.Contracts\PSK.Business.Contracts.csproj", "{0EF0BD20-C535-42A3-BE80-A8EAEBA59655}"
EndProject
Project("{2150E333-8FDC-42A3-9474-1A3956D46DE8}") = "4. Services", "4. Services", "{2C26666F-64E0-4876-9F0F-69E3D1E8C314}"
EndProject
Project("{FAE04EC0-301F-11D3-BF4B-00C04F79EFBC}") = "PSK.Services.Contracts", "PSK.Services.Contracts\PSK.Services.Contracts.csproj", "{B0F46EB9-B641-49CE-8BFF-1352B0EC53BB}"
EndProject
Project("{FAE04EC0-301F-11D3-BF4B-00C04F79EFBC}") = "PSK.Services.Implementation", "PSK.Services.Implementation\PSK.Services.Implementation.csproj", "{42BAE23C-0146-4665-A0D6-DD9C94E2066F}"
EndProject
Project("{2150E333-8FDC-42A3-9474-1A3956D46DE8}") = "6. Tests", "6. Tests", "{56AEECF2-6BF6-4C75-AB34-FB62C3508B35}"
EndProject
Project("{FAE04EC0-301F-11D3-BF4B-00C04F79EFBC}") = "PSK.UnitTests", "PSK.UnitTests\PSK.UnitTests.csproj", "{6DE1032B-8205-4A22-9DD1-A4A0E97E4CA7}"
EndProject
Project("{2150E333-8FDC-42A3-9474-1A3956D46DE8}") = "1. DataModels", "1. DataModels", "{FFFF4F0E-5F66-4EF3-B53B-7D9B7AE59E55}"
EndProject
Project("{FAE04EC0-301F-11D3-BF4B-00C04F79EFBC}") = "PSK.DataModels", "PSK.DataModels\PSK.DataModels.csproj", "{32955ED9-B841-4929-AD04-3A1EC14C6678}"
EndProject
Project("{2150E333-8FDC-42A3-9474-1A3956D46DE8}") = "5. Presentation", "5. Presentation", "{BB9283D1-9578-4948-9182-6BF74A6B0081}"
EndProject
Project("{2150E333-8FDC-42A3-9474-1A3956D46DE8}") = "0. Common", "0. Common", "{FDE63ADB-2B54-4AC4-AEEA-93A0DF00F750}"
EndProject
Project("{FAE04EC0-301F-11D3-BF4B-00C04F79EFBC}") = "PSK.Common", "PSK.Common\PSK.Common.csproj", "{5CEC428D-44CA-49CD-8785-5C6A11F07F3C}"
EndProject
Global
	GlobalSection(SolutionConfigurationPlatforms) = preSolution
		Debug|Any CPU = Debug|Any CPU
		Release|Any CPU = Release|Any CPU
	EndGlobalSection
	GlobalSection(ProjectConfigurationPlatforms) = postSolution
		{DD2E20D3-494F-4700-9260-4C3CC06D91D2}.Debug|Any CPU.ActiveCfg = Debug|Any CPU
		{DD2E20D3-494F-4700-9260-4C3CC06D91D2}.Debug|Any CPU.Build.0 = Debug|Any CPU
		{DD2E20D3-494F-4700-9260-4C3CC06D91D2}.Release|Any CPU.ActiveCfg = Release|Any CPU
		{DD2E20D3-494F-4700-9260-4C3CC06D91D2}.Release|Any CPU.Build.0 = Release|Any CPU
		{353158A8-1452-41D6-929C-D9AA9B7529B8}.Debug|Any CPU.ActiveCfg = Debug|Any CPU
		{353158A8-1452-41D6-929C-D9AA9B7529B8}.Debug|Any CPU.Build.0 = Debug|Any CPU
		{353158A8-1452-41D6-929C-D9AA9B7529B8}.Release|Any CPU.ActiveCfg = Release|Any CPU
		{353158A8-1452-41D6-929C-D9AA9B7529B8}.Release|Any CPU.Build.0 = Release|Any CPU
		{DDD18B33-3F6B-4316-A0DE-31E4717DA2D5}.Debug|Any CPU.ActiveCfg = Debug|Any CPU
		{DDD18B33-3F6B-4316-A0DE-31E4717DA2D5}.Debug|Any CPU.Build.0 = Debug|Any CPU
		{DDD18B33-3F6B-4316-A0DE-31E4717DA2D5}.Release|Any CPU.ActiveCfg = Release|Any CPU
		{DDD18B33-3F6B-4316-A0DE-31E4717DA2D5}.Release|Any CPU.Build.0 = Release|Any CPU
		{98EED184-7A68-4A3B-B573-692284F5083B}.Debug|Any CPU.ActiveCfg = Debug|Any CPU
		{98EED184-7A68-4A3B-B573-692284F5083B}.Debug|Any CPU.Build.0 = Debug|Any CPU
		{98EED184-7A68-4A3B-B573-692284F5083B}.Release|Any CPU.ActiveCfg = Release|Any CPU
		{98EED184-7A68-4A3B-B573-692284F5083B}.Release|Any CPU.Build.0 = Release|Any CPU
		{0EF0BD20-C535-42A3-BE80-A8EAEBA59655}.Debug|Any CPU.ActiveCfg = Debug|Any CPU
		{0EF0BD20-C535-42A3-BE80-A8EAEBA59655}.Debug|Any CPU.Build.0 = Debug|Any CPU
		{0EF0BD20-C535-42A3-BE80-A8EAEBA59655}.Release|Any CPU.ActiveCfg = Release|Any CPU
		{0EF0BD20-C535-42A3-BE80-A8EAEBA59655}.Release|Any CPU.Build.0 = Release|Any CPU
		{B0F46EB9-B641-49CE-8BFF-1352B0EC53BB}.Debug|Any CPU.ActiveCfg = Debug|Any CPU
		{B0F46EB9-B641-49CE-8BFF-1352B0EC53BB}.Debug|Any CPU.Build.0 = Debug|Any CPU
		{B0F46EB9-B641-49CE-8BFF-1352B0EC53BB}.Release|Any CPU.ActiveCfg = Release|Any CPU
		{B0F46EB9-B641-49CE-8BFF-1352B0EC53BB}.Release|Any CPU.Build.0 = Release|Any CPU
		{42BAE23C-0146-4665-A0D6-DD9C94E2066F}.Debug|Any CPU.ActiveCfg = Debug|Any CPU
		{42BAE23C-0146-4665-A0D6-DD9C94E2066F}.Debug|Any CPU.Build.0 = Debug|Any CPU
		{42BAE23C-0146-4665-A0D6-DD9C94E2066F}.Release|Any CPU.ActiveCfg = Release|Any CPU
		{42BAE23C-0146-4665-A0D6-DD9C94E2066F}.Release|Any CPU.Build.0 = Release|Any CPU
		{6DE1032B-8205-4A22-9DD1-A4A0E97E4CA7}.Debug|Any CPU.ActiveCfg = Debug|Any CPU
		{6DE1032B-8205-4A22-9DD1-A4A0E97E4CA7}.Debug|Any CPU.Build.0 = Debug|Any CPU
		{6DE1032B-8205-4A22-9DD1-A4A0E97E4CA7}.Release|Any CPU.ActiveCfg = Release|Any CPU
		{6DE1032B-8205-4A22-9DD1-A4A0E97E4CA7}.Release|Any CPU.Build.0 = Release|Any CPU
		{32955ED9-B841-4929-AD04-3A1EC14C6678}.Debug|Any CPU.ActiveCfg = Debug|Any CPU
		{32955ED9-B841-4929-AD04-3A1EC14C6678}.Debug|Any CPU.Build.0 = Debug|Any CPU
		{32955ED9-B841-4929-AD04-3A1EC14C6678}.Release|Any CPU.ActiveCfg = Release|Any CPU
		{32955ED9-B841-4929-AD04-3A1EC14C6678}.Release|Any CPU.Build.0 = Release|Any CPU
		{5CEC428D-44CA-49CD-8785-5C6A11F07F3C}.Debug|Any CPU.ActiveCfg = Debug|Any CPU
		{5CEC428D-44CA-49CD-8785-5C6A11F07F3C}.Debug|Any CPU.Build.0 = Debug|Any CPU
		{5CEC428D-44CA-49CD-8785-5C6A11F07F3C}.Release|Any CPU.ActiveCfg = Release|Any CPU
		{5CEC428D-44CA-49CD-8785-5C6A11F07F3C}.Release|Any CPU.Build.0 = Release|Any CPU
	EndGlobalSection
	GlobalSection(SolutionProperties) = preSolution
		HideSolutionNode = FALSE
	EndGlobalSection
	GlobalSection(NestedProjects) = preSolution
		{DD2E20D3-494F-4700-9260-4C3CC06D91D2} = {BB9283D1-9578-4948-9182-6BF74A6B0081}
		{353158A8-1452-41D6-929C-D9AA9B7529B8} = {915C9056-4628-4A8B-8F8C-463C3B228348}
		{DDD18B33-3F6B-4316-A0DE-31E4717DA2D5} = {915C9056-4628-4A8B-8F8C-463C3B228348}
		{98EED184-7A68-4A3B-B573-692284F5083B} = {4AD59A9D-D766-41B7-8D1E-4061215680C8}
		{0EF0BD20-C535-42A3-BE80-A8EAEBA59655} = {4AD59A9D-D766-41B7-8D1E-4061215680C8}
		{B0F46EB9-B641-49CE-8BFF-1352B0EC53BB} = {2C26666F-64E0-4876-9F0F-69E3D1E8C314}
		{42BAE23C-0146-4665-A0D6-DD9C94E2066F} = {2C26666F-64E0-4876-9F0F-69E3D1E8C314}
		{6DE1032B-8205-4A22-9DD1-A4A0E97E4CA7} = {56AEECF2-6BF6-4C75-AB34-FB62C3508B35}
		{32955ED9-B841-4929-AD04-3A1EC14C6678} = {FFFF4F0E-5F66-4EF3-B53B-7D9B7AE59E55}
		{5CEC428D-44CA-49CD-8785-5C6A11F07F3C} = {FDE63ADB-2B54-4AC4-AEEA-93A0DF00F750}
	EndGlobalSection
	GlobalSection(ExtensibilityGlobals) = postSolution
		SolutionGuid = {5840CCFD-D0AC-45AE-BEEA-02F72E245150}
	EndGlobalSection
EndGlobal
