
Microsoft Visual Studio Solution File, Format Version 12.00
# Visual Studio 15
VisualStudioVersion = 15.0.26730.12
MinimumVisualStudioVersion = 10.0.40219.1
Project("{9A19103F-16F7-4668-BE54-9A1E7A4F7556}") = "PSK.Domain", "PSK.Domain\PSK.Domain.csproj", "{08CB3FC5-877D-4AAA-BEE2-710BE94BEE36}"
EndProject
Project("{9A19103F-16F7-4668-BE54-9A1E7A4F7556}") = "PSK.DataAccess", "PSK.DataAccess\PSK.DataAccess.csproj", "{BF295A9C-A120-4A3B-8DD8-C52E6B7793EB}"
EndProject
Project("{9A19103F-16F7-4668-BE54-9A1E7A4F7556}") = "PSK.Services", "PSK.Services\PSK.Services.csproj", "{CB4CB3E0-B6D4-4755-90CC-477739C0A29E}"
EndProject
Project("{9A19103F-16F7-4668-BE54-9A1E7A4F7556}") = "PSK.Persistence", "PSK.Persistence\PSK.Persistence.csproj", "{31DA035F-E740-4139-8A08-8E68CF4F375B}"
EndProject
Project("{9A19103F-16F7-4668-BE54-9A1E7A4F7556}") = "Contracts", "Contracts\Contracts.csproj", "{59801159-CB6B-4E73-911D-B5BB15A5045B}"
EndProject
Project("{9A19103F-16F7-4668-BE54-9A1E7A4F7556}") = "PSK.FrontEnd", "PSK.FrontEnd\PSK.FrontEnd.csproj", "{289EF66B-4422-4F9F-B897-048DAC3ED835}"
EndProject
Global
	GlobalSection(SolutionConfigurationPlatforms) = preSolution
		Debug|Any CPU = Debug|Any CPU
		Release|Any CPU = Release|Any CPU
	EndGlobalSection
	GlobalSection(ProjectConfigurationPlatforms) = postSolution
		{08CB3FC5-877D-4AAA-BEE2-710BE94BEE36}.Debug|Any CPU.ActiveCfg = Debug|Any CPU
		{08CB3FC5-877D-4AAA-BEE2-710BE94BEE36}.Debug|Any CPU.Build.0 = Debug|Any CPU
		{08CB3FC5-877D-4AAA-BEE2-710BE94BEE36}.Release|Any CPU.ActiveCfg = Release|Any CPU
		{08CB3FC5-877D-4AAA-BEE2-710BE94BEE36}.Release|Any CPU.Build.0 = Release|Any CPU
		{BF295A9C-A120-4A3B-8DD8-C52E6B7793EB}.Debug|Any CPU.ActiveCfg = Debug|Any CPU
		{BF295A9C-A120-4A3B-8DD8-C52E6B7793EB}.Debug|Any CPU.Build.0 = Debug|Any CPU
		{BF295A9C-A120-4A3B-8DD8-C52E6B7793EB}.Release|Any CPU.ActiveCfg = Release|Any CPU
		{BF295A9C-A120-4A3B-8DD8-C52E6B7793EB}.Release|Any CPU.Build.0 = Release|Any CPU
		{CB4CB3E0-B6D4-4755-90CC-477739C0A29E}.Debug|Any CPU.ActiveCfg = Debug|Any CPU
		{CB4CB3E0-B6D4-4755-90CC-477739C0A29E}.Debug|Any CPU.Build.0 = Debug|Any CPU
		{CB4CB3E0-B6D4-4755-90CC-477739C0A29E}.Release|Any CPU.ActiveCfg = Release|Any CPU
		{CB4CB3E0-B6D4-4755-90CC-477739C0A29E}.Release|Any CPU.Build.0 = Release|Any CPU
		{31DA035F-E740-4139-8A08-8E68CF4F375B}.Debug|Any CPU.ActiveCfg = Debug|Any CPU
		{31DA035F-E740-4139-8A08-8E68CF4F375B}.Debug|Any CPU.Build.0 = Debug|Any CPU
		{31DA035F-E740-4139-8A08-8E68CF4F375B}.Release|Any CPU.ActiveCfg = Release|Any CPU
		{31DA035F-E740-4139-8A08-8E68CF4F375B}.Release|Any CPU.Build.0 = Release|Any CPU
		{59801159-CB6B-4E73-911D-B5BB15A5045B}.Debug|Any CPU.ActiveCfg = Debug|Any CPU
		{59801159-CB6B-4E73-911D-B5BB15A5045B}.Debug|Any CPU.Build.0 = Debug|Any CPU
		{59801159-CB6B-4E73-911D-B5BB15A5045B}.Release|Any CPU.ActiveCfg = Release|Any CPU
		{59801159-CB6B-4E73-911D-B5BB15A5045B}.Release|Any CPU.Build.0 = Release|Any CPU
		{289EF66B-4422-4F9F-B897-048DAC3ED835}.Debug|Any CPU.ActiveCfg = Debug|Any CPU
		{289EF66B-4422-4F9F-B897-048DAC3ED835}.Debug|Any CPU.Build.0 = Debug|Any CPU
		{289EF66B-4422-4F9F-B897-048DAC3ED835}.Release|Any CPU.ActiveCfg = Release|Any CPU
		{289EF66B-4422-4F9F-B897-048DAC3ED835}.Release|Any CPU.Build.0 = Release|Any CPU
	EndGlobalSection
	GlobalSection(SolutionProperties) = preSolution
		HideSolutionNode = FALSE
	EndGlobalSection
	GlobalSection(ExtensibilityGlobals) = postSolution
		SolutionGuid = {5840CCFD-D0AC-45AE-BEEA-02F72E245150}
	EndGlobalSection
EndGlobal
